{
  "nodes": {
    "darwin": {
      "inputs": {
        "nixpkgs": [
          "nixpkgs"
        ]
      },
      "locked": {
        "lastModified": 1671891118,
        "narHash": "sha256-+GJYiT7QbfA306ex4sGMlFB8Ts297pn3OdQ9kTd4aDw=",
        "owner": "LnL7",
        "repo": "nix-darwin",
        "rev": "267040e7a2b8644f1fdfcf57b7e808c286dbdc7b",
        "type": "github"
      },
      "original": {
        "owner": "LnL7",
        "ref": "master",
        "repo": "nix-darwin",
        "type": "github"
      }
    },
    "flake-utils": {
      "inputs": {
        "systems": "systems"
      },
      "locked": {
        "lastModified": 1681202837,
        "narHash": "sha256-H+Rh19JDwRtpVPAWp64F+rlEtxUWBAQW28eAi3SRSzg=",
        "owner": "numtide",
        "repo": "flake-utils",
        "rev": "cfacdce06f30d2b68473a46042957675eebb3401",
        "type": "github"
      },
      "original": {
        "owner": "numtide",
        "repo": "flake-utils",
        "type": "github"
      }
    },
    "home-manager": {
      "inputs": {
        "nixpkgs": [
          "nixpkgs"
        ]
      },
      "locked": {
        "lastModified": 1681971090,
        "narHash": "sha256-3j0M63GkG6GGny9e+C//GyuDCx1IwrurD27S0YI+GQY=",
        "owner": "nix-community",
        "repo": "home-manager",
        "rev": "5160039edca28a7e66bad0cfc72a07c91d6768ad",
        "type": "github"
      },
      "original": {
        "owner": "nix-community",
        "ref": "master",
        "repo": "home-manager",
        "type": "github"
      }
    },
    "idea-doom-emacs": {
      "flake": false,
      "locked": {
        "lastModified": 1621359431,
        "narHash": "sha256-AUntGa8JbhZ6LYIOf6nuTFZ6H/fCbNJYqUpcPf1CoDM=",
        "owner": "sei40kr",
        "repo": "idea-doom-emacs",
        "rev": "3e8e6bcbe597629709de567f0b7712667cb9bf60",
        "type": "github"
      },
      "original": {
        "owner": "sei40kr",
        "repo": "idea-doom-emacs",
        "type": "github"
      }
    },
    "nixpkgs": {
      "locked": {
        "lastModified": 1684426841,
        "narHash": "sha256-Av0GS+Z64E0cXJBDmPbN3fIANVu69MpBG/GrQmlO0v0=",
        "owner": "NixOS",
        "repo": "nixpkgs",
        "rev": "203c6beae76a48fe9d643166379d05e534678b4e",
        "type": "github"
      },
      "original": {
        "id": "nixpkgs",
        "ref": "master",
        "type": "indirect"
      }
    },
    "root": {
      "inputs": {
        "darwin": "darwin",
        "home-manager": "home-manager",
        "idea-doom-emacs": "idea-doom-emacs",
        "nixpkgs": "nixpkgs",
        "tmux-project": "tmux-project",
        "yonvim": "yonvim"
      }
    },
    "systems": {
      "locked": {
        "lastModified": 1681028828,
        "narHash": "sha256-Vy1rq5AaRuLzOxct8nz4T6wlgyUR7zLU309k9mBC768=",
        "owner": "nix-systems",
        "repo": "default",
        "rev": "da67096a3b9bf56a91d16901293e51ba5b49a27e",
        "type": "github"
      },
      "original": {
        "owner": "nix-systems",
        "repo": "default",
        "type": "github"
      }
    },
    "tmux-project": {
      "inputs": {
        "flake-utils": "flake-utils",
        "nixpkgs": [
          "nixpkgs"
        ]
      },
      "locked": {
        "lastModified": 1683286217,
        "narHash": "sha256-xlbLNAKhpByVqSFUUl9ZwJjQjZUo/oWk44U3lwdIZqQ=",
        "owner": "sei40kr",
        "repo": "tmux-project",
        "rev": "fd6d85973888187dd026e1b507726af56fd96468",
        "type": "github"
      },
      "original": {
        "owner": "sei40kr",
        "repo": "tmux-project",
        "type": "github"
      }
    },
    "yonvim": {
      "inputs": {
        "nixpkgs": [
          "nixpkgs"
        ]
      },
      "locked": {
        "lastModified": 1681636392,
        "narHash": "sha256-m+et0967b3j+iWFDwsmbN457ZjlMDAK377/Yzq9XF9U=",
        "owner": "sei40kr",
        "repo": "yonvim",
        "rev": "c10710a9e8a7da393e52dff41eda63b5305d1a99",
        "type": "github"
      },
      "original": {
        "owner": "sei40kr",
        "repo": "yonvim",
        "type": "github"
      }
    }
  },
  "root": "root",
  "version": 7
}
