{
  "nodes": {
    "agenix": {
      "inputs": {
        "nixpkgs": [
          "nixpkgs"
        ]
      },
      "locked": {
        "lastModified": 1631896269,
        "narHash": "sha256-DAyCxJ8JacayOzGgGSfzrn7ghtsfL/EsCyk1NEUaAR8=",
        "owner": "ryantm",
        "repo": "agenix",
        "rev": "daf1d773989ac5d949aeef03fce0fe27e583dbca",
        "type": "github"
      },
      "original": {
        "owner": "ryantm",
        "repo": "agenix",
        "type": "github"
      }
    },
    "darwin": {
      "inputs": {
        "nixpkgs": [
          "nixpkgs"
        ]
      },
      "locked": {
        "lastModified": 1622060422,
        "narHash": "sha256-hPVlvrAyf6zL7tTx0lpK+tMxEfZeMiIZ/A2xaJ41WOY=",
        "owner": "LnL7",
        "repo": "nix-darwin",
        "rev": "007d700e644ac588ad6668e6439950a5b6e2ff64",
        "type": "github"
      },
      "original": {
        "owner": "LnL7",
        "ref": "master",
        "repo": "nix-darwin",
        "type": "github"
      }
    },
    "emacs-overlay": {
      "locked": {
        "lastModified": 1624698592,
        "narHash": "sha256-or3VxpmerZHAMuhpoA++cj51yopYaRe72triC+4Nq1k=",
        "owner": "nix-community",
        "repo": "emacs-overlay",
        "rev": "67fe74d6e73e3c8a983b09a76d809acc730ad911",
        "type": "github"
      },
      "original": {
        "owner": "nix-community",
        "repo": "emacs-overlay",
        "rev": "67fe74d6e73e3c8a983b09a76d809acc730ad911",
        "type": "github"
      }
    },
    "home-manager": {
      "inputs": {
        "nixpkgs": [
          "nixpkgs"
        ]
      },
      "locked": {
        "lastModified": 1624612706,
        "narHash": "sha256-HfuNvpN/T8TZrOTyjbLCjI4GqbYuQ5oAWZO/4T2Mj34=",
        "owner": "nix-community",
        "repo": "home-manager",
        "rev": "0ada50fc9c620f7ad9f7c6ff70bf40514f4400a9",
        "type": "github"
      },
      "original": {
        "owner": "nix-community",
        "ref": "master",
        "repo": "home-manager",
        "type": "github"
      }
    },
    "nixpkgs": {
      "locked": {
        "lastModified": 1631304233,
        "narHash": "sha256-yCAXhr7Sz8qC6aTDrna0zQlcK6jANRRmZQw58ko4CEs=",
        "owner": "NixOS",
        "repo": "nixpkgs",
        "rev": "6e4c36b3f7ec1400bd92ef42567b687f20f3c3c4",
        "type": "github"
      },
      "original": {
        "id": "nixpkgs",
        "ref": "master",
        "type": "indirect"
      }
    },
    "nixpkgs-unstable": {
      "locked": {
        "lastModified": 1624715085,
        "narHash": "sha256-6DvhW+IGju+Wkg/gkTehRDeb23RMKS4BhJMsO2tsmd0=",
        "owner": "NixOS",
        "repo": "nixpkgs",
        "rev": "f84d5fb8df311bdb0618bd7a9683c70bfffffe0b",
        "type": "github"
      },
      "original": {
        "id": "nixpkgs",
        "ref": "master",
        "type": "indirect"
      }
    },
    "root": {
      "inputs": {
        "agenix": "agenix",
        "darwin": "darwin",
        "emacs-overlay": "emacs-overlay",
        "home-manager": "home-manager",
        "nixpkgs": "nixpkgs",
        "nixpkgs-unstable": "nixpkgs-unstable"
      }
    }
  },
  "root": "root",
  "version": 7
}
